
Microsoft Visual Studio Solution File, Format Version 12.00
# Visual Studio Version 16
VisualStudioVersion = 16.0.29418.71
MinimumVisualStudioVersion = 10.0.40219.1
Project("{FAE04EC0-301F-11D3-BF4B-00C04F79EFBC}") = "TODOs", "TODOs.csproj", "{97433BDB-2FDE-4590-8FBD-78EB9FCB7448}"
EndProject
Project("{FAE04EC0-301F-11D3-BF4B-00C04F79EFBC}") = "TODOs.Data", "..\TODOs.Data\TODOs.Data.csproj", "{446A54DF-FF17-4140-8512-A047E3620339}"
EndProject
Global
	GlobalSection(SolutionConfigurationPlatforms) = preSolution
		Debug|Any CPU = Debug|Any CPU
		Release|Any CPU = Release|Any CPU
	EndGlobalSection
	GlobalSection(ProjectConfigurationPlatforms) = postSolution
		{97433BDB-2FDE-4590-8FBD-78EB9FCB7448}.Debug|Any CPU.ActiveCfg = Debug|Any CPU
		{97433BDB-2FDE-4590-8FBD-78EB9FCB7448}.Debug|Any CPU.Build.0 = Debug|Any CPU
		{97433BDB-2FDE-4590-8FBD-78EB9FCB7448}.Release|Any CPU.ActiveCfg = Release|Any CPU
		{97433BDB-2FDE-4590-8FBD-78EB9FCB7448}.Release|Any CPU.Build.0 = Release|Any CPU
		{446A54DF-FF17-4140-8512-A047E3620339}.Debug|Any CPU.ActiveCfg = Debug|Any CPU
		{446A54DF-FF17-4140-8512-A047E3620339}.Debug|Any CPU.Build.0 = Debug|Any CPU
		{446A54DF-FF17-4140-8512-A047E3620339}.Release|Any CPU.ActiveCfg = Release|Any CPU
		{446A54DF-FF17-4140-8512-A047E3620339}.Release|Any CPU.Build.0 = Release|Any CPU
	EndGlobalSection
	GlobalSection(SolutionProperties) = preSolution
		HideSolutionNode = FALSE
	EndGlobalSection
	GlobalSection(ExtensibilityGlobals) = postSolution
		SolutionGuid = {2CF467F3-96FC-4E91-A282-C1E9E87A963A}
	EndGlobalSection
EndGlobal
